
Microsoft Visual Studio Solution File, Format Version 11.00
# Visual Studio 2010
Project("{FAE04EC0-301F-11D3-BF4B-00C04F79EFBC}") = "Space", "Space\Space\Space.csproj", "{D573EB83-8626-431B-97DC-F0D754D6A99C}"
EndProject
Project("{FAE04EC0-301F-11D3-BF4B-00C04F79EFBC}") = "SpaceContent", "Space\SpaceContent\SpaceContent.contentproj", "{9F932FE2-42AC-452F-AC4C-31342FFAA7E8}"
EndProject
Project("{FAE04EC0-301F-11D3-BF4B-00C04F79EFBC}") = "SpaceData", "SpaceData\SpaceData.csproj", "{48F0591F-9238-4FF0-AC34-04E14C291AA3}"
EndProject
Project("{FAE04EC0-301F-11D3-BF4B-00C04F79EFBC}") = "Engine", "Engine\Engine.csproj", "{BE49F091-927E-4C8F-B6AC-A54C99AF2C0E}"
EndProject
Project("{FAE04EC0-301F-11D3-BF4B-00C04F79EFBC}") = "EngineSerialization", "EngineSerialization\EngineSerialization.csproj", "{B40055F1-158F-4C54-BC3F-D269ABB941FD}"
EndProject
Global
	GlobalSection(SolutionConfigurationPlatforms) = preSolution
		Debug|x86 = Debug|x86
		Release|x86 = Release|x86
	EndGlobalSection
	GlobalSection(ProjectConfigurationPlatforms) = postSolution
		{D573EB83-8626-431B-97DC-F0D754D6A99C}.Debug|x86.ActiveCfg = Debug|x86
		{D573EB83-8626-431B-97DC-F0D754D6A99C}.Debug|x86.Build.0 = Debug|x86
		{D573EB83-8626-431B-97DC-F0D754D6A99C}.Release|x86.ActiveCfg = Release|x86
		{D573EB83-8626-431B-97DC-F0D754D6A99C}.Release|x86.Build.0 = Release|x86
		{9F932FE2-42AC-452F-AC4C-31342FFAA7E8}.Debug|x86.ActiveCfg = Debug|x86
		{9F932FE2-42AC-452F-AC4C-31342FFAA7E8}.Release|x86.ActiveCfg = Release|x86
		{48F0591F-9238-4FF0-AC34-04E14C291AA3}.Debug|x86.ActiveCfg = Debug|x86
		{48F0591F-9238-4FF0-AC34-04E14C291AA3}.Debug|x86.Build.0 = Debug|x86
		{48F0591F-9238-4FF0-AC34-04E14C291AA3}.Release|x86.ActiveCfg = Release|x86
		{48F0591F-9238-4FF0-AC34-04E14C291AA3}.Release|x86.Build.0 = Release|x86
		{BE49F091-927E-4C8F-B6AC-A54C99AF2C0E}.Debug|x86.ActiveCfg = Debug|x86
		{BE49F091-927E-4C8F-B6AC-A54C99AF2C0E}.Debug|x86.Build.0 = Debug|x86
		{BE49F091-927E-4C8F-B6AC-A54C99AF2C0E}.Release|x86.ActiveCfg = Release|x86
		{BE49F091-927E-4C8F-B6AC-A54C99AF2C0E}.Release|x86.Build.0 = Release|x86
		{B40055F1-158F-4C54-BC3F-D269ABB941FD}.Debug|x86.ActiveCfg = Debug|x86
		{B40055F1-158F-4C54-BC3F-D269ABB941FD}.Debug|x86.Build.0 = Debug|x86
		{B40055F1-158F-4C54-BC3F-D269ABB941FD}.Release|x86.ActiveCfg = Debug|x86
		{B40055F1-158F-4C54-BC3F-D269ABB941FD}.Release|x86.Build.0 = Debug|x86
	EndGlobalSection
	GlobalSection(SolutionProperties) = preSolution
		HideSolutionNode = FALSE
	EndGlobalSection
EndGlobal
